
Microsoft Visual Studio Solution File, Format Version 12.00
# Visual Studio Version 17
VisualStudioVersion = 17.8.34309.116
MinimumVisualStudioVersion = 10.0.40219.1
Project("{8BC9CEB8-8B4A-11D0-8D11-00A0C91BC942}") = "algorithm_MedianOfDotsOnMap", "algorithm_MedianOfDotsOnMap.vcxproj", "{271C60A1-5722-4A1B-9ECA-367B7D00193E}"
EndProject
Global
	GlobalSection(SolutionConfigurationPlatforms) = preSolution
		Debug|x64 = Debug|x64
		Debug|x86 = Debug|x86
		Release|x64 = Release|x64
		Release|x86 = Release|x86
	EndGlobalSection
	GlobalSection(ProjectConfigurationPlatforms) = postSolution
		{271C60A1-5722-4A1B-9ECA-367B7D00193E}.Debug|x64.ActiveCfg = Debug|x64
		{271C60A1-5722-4A1B-9ECA-367B7D00193E}.Debug|x64.Build.0 = Debug|x64
		{271C60A1-5722-4A1B-9ECA-367B7D00193E}.Debug|x86.ActiveCfg = Debug|Win32
		{271C60A1-5722-4A1B-9ECA-367B7D00193E}.Debug|x86.Build.0 = Debug|Win32
		{271C60A1-5722-4A1B-9ECA-367B7D00193E}.Release|x64.ActiveCfg = Release|x64
		{271C60A1-5722-4A1B-9ECA-367B7D00193E}.Release|x64.Build.0 = Release|x64
		{271C60A1-5722-4A1B-9ECA-367B7D00193E}.Release|x86.ActiveCfg = Release|Win32
		{271C60A1-5722-4A1B-9ECA-367B7D00193E}.Release|x86.Build.0 = Release|Win32
	EndGlobalSection
	GlobalSection(SolutionProperties) = preSolution
		HideSolutionNode = FALSE
	EndGlobalSection
	GlobalSection(ExtensibilityGlobals) = postSolution
		SolutionGuid = {6B55DB9A-B88D-4EF5-91B7-7FDA7FE9642E}
	EndGlobalSection
EndGlobal
