
Microsoft Visual Studio Solution File, Format Version 12.00
# Visual Studio Version 17
VisualStudioVersion = 17.7.34031.279
MinimumVisualStudioVersion = 10.0.40219.1
Project("{8BC9CEB8-8B4A-11D0-8D11-00A0C91BC942}") = "algorithm_bigerdinoseatlighterandshorterones", "algorithm_bigerdinoseatlighterandshorterones.vcxproj", "{F97738D8-FF8D-4AC2-ADC0-354E6E5711CE}"
EndProject
Global
	GlobalSection(SolutionConfigurationPlatforms) = preSolution
		Debug|x64 = Debug|x64
		Debug|x86 = Debug|x86
		Release|x64 = Release|x64
		Release|x86 = Release|x86
	EndGlobalSection
	GlobalSection(ProjectConfigurationPlatforms) = postSolution
		{F97738D8-FF8D-4AC2-ADC0-354E6E5711CE}.Debug|x64.ActiveCfg = Debug|x64
		{F97738D8-FF8D-4AC2-ADC0-354E6E5711CE}.Debug|x64.Build.0 = Debug|x64
		{F97738D8-FF8D-4AC2-ADC0-354E6E5711CE}.Debug|x86.ActiveCfg = Debug|Win32
		{F97738D8-FF8D-4AC2-ADC0-354E6E5711CE}.Debug|x86.Build.0 = Debug|Win32
		{F97738D8-FF8D-4AC2-ADC0-354E6E5711CE}.Release|x64.ActiveCfg = Release|x64
		{F97738D8-FF8D-4AC2-ADC0-354E6E5711CE}.Release|x64.Build.0 = Release|x64
		{F97738D8-FF8D-4AC2-ADC0-354E6E5711CE}.Release|x86.ActiveCfg = Release|Win32
		{F97738D8-FF8D-4AC2-ADC0-354E6E5711CE}.Release|x86.Build.0 = Release|Win32
	EndGlobalSection
	GlobalSection(SolutionProperties) = preSolution
		HideSolutionNode = FALSE
	EndGlobalSection
	GlobalSection(ExtensibilityGlobals) = postSolution
		SolutionGuid = {FB71B797-0D73-4FC9-B8E7-99031AF50B06}
	EndGlobalSection
EndGlobal
