
Microsoft Visual Studio Solution File, Format Version 12.00
# Visual Studio Version 17
VisualStudioVersion = 17.2.32602.215
MinimumVisualStudioVersion = 10.0.40219.1
Project("{8BC9CEB8-8B4A-11D0-8D11-00A0C91BC942}") = "memorization", "memorization.vcxproj", "{C549BF22-C609-4A71-A5A5-A029D3D34DC3}"
EndProject
Global
	GlobalSection(SolutionConfigurationPlatforms) = preSolution
		Debug|x64 = Debug|x64
		Debug|x86 = Debug|x86
		Release|x64 = Release|x64
		Release|x86 = Release|x86
	EndGlobalSection
	GlobalSection(ProjectConfigurationPlatforms) = postSolution
		{C549BF22-C609-4A71-A5A5-A029D3D34DC3}.Debug|x64.ActiveCfg = Debug|x64
		{C549BF22-C609-4A71-A5A5-A029D3D34DC3}.Debug|x64.Build.0 = Debug|x64
		{C549BF22-C609-4A71-A5A5-A029D3D34DC3}.Debug|x86.ActiveCfg = Debug|Win32
		{C549BF22-C609-4A71-A5A5-A029D3D34DC3}.Debug|x86.Build.0 = Debug|Win32
		{C549BF22-C609-4A71-A5A5-A029D3D34DC3}.Release|x64.ActiveCfg = Release|x64
		{C549BF22-C609-4A71-A5A5-A029D3D34DC3}.Release|x64.Build.0 = Release|x64
		{C549BF22-C609-4A71-A5A5-A029D3D34DC3}.Release|x86.ActiveCfg = Release|Win32
		{C549BF22-C609-4A71-A5A5-A029D3D34DC3}.Release|x86.Build.0 = Release|Win32
	EndGlobalSection
	GlobalSection(SolutionProperties) = preSolution
		HideSolutionNode = FALSE
	EndGlobalSection
	GlobalSection(ExtensibilityGlobals) = postSolution
		SolutionGuid = {1373CF40-9799-401D-B293-2096D8BA3D1B}
	EndGlobalSection
EndGlobal
