
Microsoft Visual Studio Solution File, Format Version 12.00
# Visual Studio Version 17
VisualStudioVersion = 17.7.34031.279
MinimumVisualStudioVersion = 10.0.40219.1
Project("{8BC9CEB8-8B4A-11D0-8D11-00A0C91BC942}") = "algorithm_painttwodimensionalfigures", "algorithm_painttwodimensionalfigures.vcxproj", "{1A6B6407-6D87-4ED6-BE1D-8015EF934D45}"
EndProject
Global
	GlobalSection(SolutionConfigurationPlatforms) = preSolution
		Debug|x64 = Debug|x64
		Debug|x86 = Debug|x86
		Release|x64 = Release|x64
		Release|x86 = Release|x86
	EndGlobalSection
	GlobalSection(ProjectConfigurationPlatforms) = postSolution
		{1A6B6407-6D87-4ED6-BE1D-8015EF934D45}.Debug|x64.ActiveCfg = Debug|x64
		{1A6B6407-6D87-4ED6-BE1D-8015EF934D45}.Debug|x64.Build.0 = Debug|x64
		{1A6B6407-6D87-4ED6-BE1D-8015EF934D45}.Debug|x86.ActiveCfg = Debug|Win32
		{1A6B6407-6D87-4ED6-BE1D-8015EF934D45}.Debug|x86.Build.0 = Debug|Win32
		{1A6B6407-6D87-4ED6-BE1D-8015EF934D45}.Release|x64.ActiveCfg = Release|x64
		{1A6B6407-6D87-4ED6-BE1D-8015EF934D45}.Release|x64.Build.0 = Release|x64
		{1A6B6407-6D87-4ED6-BE1D-8015EF934D45}.Release|x86.ActiveCfg = Release|Win32
		{1A6B6407-6D87-4ED6-BE1D-8015EF934D45}.Release|x86.Build.0 = Release|Win32
	EndGlobalSection
	GlobalSection(SolutionProperties) = preSolution
		HideSolutionNode = FALSE
	EndGlobalSection
	GlobalSection(ExtensibilityGlobals) = postSolution
		SolutionGuid = {03878D03-7B96-4E20-A69C-7FDE0A6B30D7}
	EndGlobalSection
EndGlobal
